
Microsoft Visual Studio Solution File, Format Version 12.00
# Visual Studio Version 16
VisualStudioVersion = 16.0.34407.143
MinimumVisualStudioVersion = 10.0.40219.1
Project("{FAE04EC0-301F-11D3-BF4B-00C04F79EFBC}") = "Sender", "Sender\Sender.csproj", "{9310FAB0-2663-410C-8303-943DAB65BF7F}"
EndProject
Project("{FAE04EC0-301F-11D3-BF4B-00C04F79EFBC}") = "Receiver1", "Receiver1\Receiver1.csproj", "{D8F58642-55F0-45A6-97D3-C084079D14A3}"
EndProject
Global
	GlobalSection(SolutionConfigurationPlatforms) = preSolution
		Debug|Any CPU = Debug|Any CPU
		Release|Any CPU = Release|Any CPU
	EndGlobalSection
	GlobalSection(ProjectConfigurationPlatforms) = postSolution
		{9310FAB0-2663-410C-8303-943DAB65BF7F}.Debug|Any CPU.ActiveCfg = Debug|Any CPU
		{9310FAB0-2663-410C-8303-943DAB65BF7F}.Debug|Any CPU.Build.0 = Debug|Any CPU
		{9310FAB0-2663-410C-8303-943DAB65BF7F}.Release|Any CPU.ActiveCfg = Release|Any CPU
		{9310FAB0-2663-410C-8303-943DAB65BF7F}.Release|Any CPU.Build.0 = Release|Any CPU
		{D8F58642-55F0-45A6-97D3-C084079D14A3}.Debug|Any CPU.ActiveCfg = Debug|Any CPU
		{D8F58642-55F0-45A6-97D3-C084079D14A3}.Debug|Any CPU.Build.0 = Debug|Any CPU
		{D8F58642-55F0-45A6-97D3-C084079D14A3}.Release|Any CPU.ActiveCfg = Release|Any CPU
		{D8F58642-55F0-45A6-97D3-C084079D14A3}.Release|Any CPU.Build.0 = Release|Any CPU
	EndGlobalSection
	GlobalSection(SolutionProperties) = preSolution
		HideSolutionNode = FALSE
	EndGlobalSection
	GlobalSection(ExtensibilityGlobals) = postSolution
		SolutionGuid = {21566710-3D4D-437C-A064-E7A6DE48641A}
	EndGlobalSection
EndGlobal
